
Microsoft Visual Studio Solution File, Format Version 12.00
# Visual Studio 15
VisualStudioVersion = 15.0.26124.0
MinimumVisualStudioVersion = 15.0.26124.0
Project("{FAE04EC0-301F-11D3-BF4B-00C04F79EFBC}") = "Domain", "Domain\Domain.csproj", "{16084212-F08B-4337-B0D8-53A39E9623BD}"
EndProject
Project("{FAE04EC0-301F-11D3-BF4B-00C04F79EFBC}") = "Application", "Application\Application.csproj", "{8A5B9B12-448D-4196-8191-0369ECA9D332}"
EndProject
Project("{FAE04EC0-301F-11D3-BF4B-00C04F79EFBC}") = "Persistence", "Persistence\Persistence.csproj", "{7CFB5CD4-8CCC-466C-B58F-BBEDC2C3EDF8}"
EndProject
Project("{FAE04EC0-301F-11D3-BF4B-00C04F79EFBC}") = "API", "API\API.csproj", "{A1AE6676-FF95-4808-8763-3C88A6543746}"
EndProject
Project("{FAE04EC0-301F-11D3-BF4B-00C04F79EFBC}") = "Infrastructure", "Infrastructure\Infrastructure.csproj", "{61185782-6DB0-4527-AB3D-392902496DC0}"
EndProject
Global
	GlobalSection(SolutionConfigurationPlatforms) = preSolution
		Debug|Any CPU = Debug|Any CPU
		Debug|x64 = Debug|x64
		Debug|x86 = Debug|x86
		Release|Any CPU = Release|Any CPU
		Release|x64 = Release|x64
		Release|x86 = Release|x86
	EndGlobalSection
	GlobalSection(SolutionProperties) = preSolution
		HideSolutionNode = FALSE
	EndGlobalSection
	GlobalSection(ProjectConfigurationPlatforms) = postSolution
		{16084212-F08B-4337-B0D8-53A39E9623BD}.Debug|Any CPU.ActiveCfg = Debug|Any CPU
		{16084212-F08B-4337-B0D8-53A39E9623BD}.Debug|Any CPU.Build.0 = Debug|Any CPU
		{16084212-F08B-4337-B0D8-53A39E9623BD}.Debug|x64.ActiveCfg = Debug|Any CPU
		{16084212-F08B-4337-B0D8-53A39E9623BD}.Debug|x64.Build.0 = Debug|Any CPU
		{16084212-F08B-4337-B0D8-53A39E9623BD}.Debug|x86.ActiveCfg = Debug|Any CPU
		{16084212-F08B-4337-B0D8-53A39E9623BD}.Debug|x86.Build.0 = Debug|Any CPU
		{16084212-F08B-4337-B0D8-53A39E9623BD}.Release|Any CPU.ActiveCfg = Release|Any CPU
		{16084212-F08B-4337-B0D8-53A39E9623BD}.Release|Any CPU.Build.0 = Release|Any CPU
		{16084212-F08B-4337-B0D8-53A39E9623BD}.Release|x64.ActiveCfg = Release|Any CPU
		{16084212-F08B-4337-B0D8-53A39E9623BD}.Release|x64.Build.0 = Release|Any CPU
		{16084212-F08B-4337-B0D8-53A39E9623BD}.Release|x86.ActiveCfg = Release|Any CPU
		{16084212-F08B-4337-B0D8-53A39E9623BD}.Release|x86.Build.0 = Release|Any CPU
		{8A5B9B12-448D-4196-8191-0369ECA9D332}.Debug|Any CPU.ActiveCfg = Debug|Any CPU
		{8A5B9B12-448D-4196-8191-0369ECA9D332}.Debug|Any CPU.Build.0 = Debug|Any CPU
		{8A5B9B12-448D-4196-8191-0369ECA9D332}.Debug|x64.ActiveCfg = Debug|Any CPU
		{8A5B9B12-448D-4196-8191-0369ECA9D332}.Debug|x64.Build.0 = Debug|Any CPU
		{8A5B9B12-448D-4196-8191-0369ECA9D332}.Debug|x86.ActiveCfg = Debug|Any CPU
		{8A5B9B12-448D-4196-8191-0369ECA9D332}.Debug|x86.Build.0 = Debug|Any CPU
		{8A5B9B12-448D-4196-8191-0369ECA9D332}.Release|Any CPU.ActiveCfg = Release|Any CPU
		{8A5B9B12-448D-4196-8191-0369ECA9D332}.Release|Any CPU.Build.0 = Release|Any CPU
		{8A5B9B12-448D-4196-8191-0369ECA9D332}.Release|x64.ActiveCfg = Release|Any CPU
		{8A5B9B12-448D-4196-8191-0369ECA9D332}.Release|x64.Build.0 = Release|Any CPU
		{8A5B9B12-448D-4196-8191-0369ECA9D332}.Release|x86.ActiveCfg = Release|Any CPU
		{8A5B9B12-448D-4196-8191-0369ECA9D332}.Release|x86.Build.0 = Release|Any CPU
		{7CFB5CD4-8CCC-466C-B58F-BBEDC2C3EDF8}.Debug|Any CPU.ActiveCfg = Debug|Any CPU
		{7CFB5CD4-8CCC-466C-B58F-BBEDC2C3EDF8}.Debug|Any CPU.Build.0 = Debug|Any CPU
		{7CFB5CD4-8CCC-466C-B58F-BBEDC2C3EDF8}.Debug|x64.ActiveCfg = Debug|Any CPU
		{7CFB5CD4-8CCC-466C-B58F-BBEDC2C3EDF8}.Debug|x64.Build.0 = Debug|Any CPU
		{7CFB5CD4-8CCC-466C-B58F-BBEDC2C3EDF8}.Debug|x86.ActiveCfg = Debug|Any CPU
		{7CFB5CD4-8CCC-466C-B58F-BBEDC2C3EDF8}.Debug|x86.Build.0 = Debug|Any CPU
		{7CFB5CD4-8CCC-466C-B58F-BBEDC2C3EDF8}.Release|Any CPU.ActiveCfg = Release|Any CPU
		{7CFB5CD4-8CCC-466C-B58F-BBEDC2C3EDF8}.Release|Any CPU.Build.0 = Release|Any CPU
		{7CFB5CD4-8CCC-466C-B58F-BBEDC2C3EDF8}.Release|x64.ActiveCfg = Release|Any CPU
		{7CFB5CD4-8CCC-466C-B58F-BBEDC2C3EDF8}.Release|x64.Build.0 = Release|Any CPU
		{7CFB5CD4-8CCC-466C-B58F-BBEDC2C3EDF8}.Release|x86.ActiveCfg = Release|Any CPU
		{7CFB5CD4-8CCC-466C-B58F-BBEDC2C3EDF8}.Release|x86.Build.0 = Release|Any CPU
		{A1AE6676-FF95-4808-8763-3C88A6543746}.Debug|Any CPU.ActiveCfg = Debug|Any CPU
		{A1AE6676-FF95-4808-8763-3C88A6543746}.Debug|Any CPU.Build.0 = Debug|Any CPU
		{A1AE6676-FF95-4808-8763-3C88A6543746}.Debug|x64.ActiveCfg = Debug|Any CPU
		{A1AE6676-FF95-4808-8763-3C88A6543746}.Debug|x64.Build.0 = Debug|Any CPU
		{A1AE6676-FF95-4808-8763-3C88A6543746}.Debug|x86.ActiveCfg = Debug|Any CPU
		{A1AE6676-FF95-4808-8763-3C88A6543746}.Debug|x86.Build.0 = Debug|Any CPU
		{A1AE6676-FF95-4808-8763-3C88A6543746}.Release|Any CPU.ActiveCfg = Release|Any CPU
		{A1AE6676-FF95-4808-8763-3C88A6543746}.Release|Any CPU.Build.0 = Release|Any CPU
		{A1AE6676-FF95-4808-8763-3C88A6543746}.Release|x64.ActiveCfg = Release|Any CPU
		{A1AE6676-FF95-4808-8763-3C88A6543746}.Release|x64.Build.0 = Release|Any CPU
		{A1AE6676-FF95-4808-8763-3C88A6543746}.Release|x86.ActiveCfg = Release|Any CPU
		{A1AE6676-FF95-4808-8763-3C88A6543746}.Release|x86.Build.0 = Release|Any CPU
		{61185782-6DB0-4527-AB3D-392902496DC0}.Debug|Any CPU.ActiveCfg = Debug|Any CPU
		{61185782-6DB0-4527-AB3D-392902496DC0}.Debug|Any CPU.Build.0 = Debug|Any CPU
		{61185782-6DB0-4527-AB3D-392902496DC0}.Debug|x64.ActiveCfg = Debug|Any CPU
		{61185782-6DB0-4527-AB3D-392902496DC0}.Debug|x64.Build.0 = Debug|Any CPU
		{61185782-6DB0-4527-AB3D-392902496DC0}.Debug|x86.ActiveCfg = Debug|Any CPU
		{61185782-6DB0-4527-AB3D-392902496DC0}.Debug|x86.Build.0 = Debug|Any CPU
		{61185782-6DB0-4527-AB3D-392902496DC0}.Release|Any CPU.ActiveCfg = Release|Any CPU
		{61185782-6DB0-4527-AB3D-392902496DC0}.Release|Any CPU.Build.0 = Release|Any CPU
		{61185782-6DB0-4527-AB3D-392902496DC0}.Release|x64.ActiveCfg = Release|Any CPU
		{61185782-6DB0-4527-AB3D-392902496DC0}.Release|x64.Build.0 = Release|Any CPU
		{61185782-6DB0-4527-AB3D-392902496DC0}.Release|x86.ActiveCfg = Release|Any CPU
		{61185782-6DB0-4527-AB3D-392902496DC0}.Release|x86.Build.0 = Release|Any CPU
	EndGlobalSection
EndGlobal
